// !$*UTF8*$!
{
	archiveVersion = 1;
	classes = {
	};
	objectVersion = 55;
	objects = {

/* Begin PBXBuildFile section */
		18A2AA0428264BBB00A07986 /* AppDelegate.swift in Sources */ = {isa = PBXBuildFile; fileRef = 18A2AA0328264BBB00A07986 /* AppDelegate.swift */; };
		18A2AA0D28264BBC00A07986 /* Assets.xcassets in Resources */ = {isa = PBXBuildFile; fileRef = 18A2AA0C28264BBC00A07986 /* Assets.xcassets */; };
		18A2AA1028264BBC00A07986 /* LaunchScreen.storyboard in Resources */ = {isa = PBXBuildFile; fileRef = 18A2AA0E28264BBC00A07986 /* LaunchScreen.storyboard */; };
		18A2AA1B28264BBC00A07986 /* Movie_DatabaseTests.swift in Sources */ = {isa = PBXBuildFile; fileRef = 18A2AA1A28264BBC00A07986 /* Movie_DatabaseTests.swift */; };
		18A2AA2528264BBC00A07986 /* Movie_DatabaseUITests.swift in Sources */ = {isa = PBXBuildFile; fileRef = 18A2AA2428264BBC00A07986 /* Movie_DatabaseUITests.swift */; };
		18A2AA2728264BBC00A07986 /* Movie_DatabaseUITestsLaunchTests.swift in Sources */ = {isa = PBXBuildFile; fileRef = 18A2AA2628264BBC00A07986 /* Movie_DatabaseUITestsLaunchTests.swift */; };
		18A2AA3928264C3200A07986 /* MovieListTableViewController.swift in Sources */ = {isa = PBXBuildFile; fileRef = 18A2AA3828264C3200A07986 /* MovieListTableViewController.swift */; };
		18A2AA3C28264C9700A07986 /* NetworkService.swift in Sources */ = {isa = PBXBuildFile; fileRef = 18A2AA3B28264C9700A07986 /* NetworkService.swift */; };
		18A2AA3F28264F0700A07986 /* MovieListViewModel.swift in Sources */ = {isa = PBXBuildFile; fileRef = 18A2AA3E28264F0700A07986 /* MovieListViewModel.swift */; };
		18A2AA412826508300A07986 /* Movie.swift in Sources */ = {isa = PBXBuildFile; fileRef = 18A2AA402826508300A07986 /* Movie.swift */; };
		18A2AA44282653CA00A07986 /* MovieListTableViewCell.swift in Sources */ = {isa = PBXBuildFile; fileRef = 18A2AA43282653CA00A07986 /* MovieListTableViewCell.swift */; };
		18A2AA48282654B000A07986 /* UIView + Constraints.swift in Sources */ = {isa = PBXBuildFile; fileRef = 18A2AA47282654B000A07986 /* UIView + Constraints.swift */; };
		18A2AA4B2826550900A07986 /* CGFloat Ext.swift in Sources */ = {isa = PBXBuildFile; fileRef = 18A2AA4A2826550900A07986 /* CGFloat Ext.swift */; };
		18A2AA892826586D00A07986 /* SceneDelegate.swift in Sources */ = {isa = PBXBuildFile; fileRef = 18A2AA882826586D00A07986 /* SceneDelegate.swift */; };
		18A2AA8B28265B7400A07986 /* MovieListTableViewCellViewModel.swift in Sources */ = {isa = PBXBuildFile; fileRef = 18A2AA8A28265B7400A07986 /* MovieListTableViewCellViewModel.swift */; };
		18A2AA8D28265CE200A07986 /* UIImageView Ext.swift in Sources */ = {isa = PBXBuildFile; fileRef = 18A2AA8C28265CE200A07986 /* UIImageView Ext.swift */; };
		18A2AA9128265EF800A07986 /* MovieDetailsView.swift in Sources */ = {isa = PBXBuildFile; fileRef = 18A2AA9028265EF800A07986 /* MovieDetailsView.swift */; };
		18A2AA942826604800A07986 /* MovieDetailsViewController.swift in Sources */ = {isa = PBXBuildFile; fileRef = 18A2AA932826604800A07986 /* MovieDetailsViewController.swift */; };
		18A2AA972826626700A07986 /* MovieDetailsViewModel.swift in Sources */ = {isa = PBXBuildFile; fileRef = 18A2AA962826626700A07986 /* MovieDetailsViewModel.swift */; };
		18A2AA9C2826660400A07986 /* MovieListNetworkModel.swift in Sources */ = {isa = PBXBuildFile; fileRef = 18A2AA9B2826660400A07986 /* MovieListNetworkModel.swift */; };
		18A2AA9E282666F900A07986 /* VerticalLabelsView.swift in Sources */ = {isa = PBXBuildFile; fileRef = 18A2AA9D282666F900A07986 /* VerticalLabelsView.swift */; };
		18A2AAA02826672100A07986 /* InternalNetworkServiceError.swift in Sources */ = {isa = PBXBuildFile; fileRef = 18A2AA9F2826672100A07986 /* InternalNetworkServiceError.swift */; };
		18A2AAA22826672D00A07986 /* NetworkServiceError.swift in Sources */ = {isa = PBXBuildFile; fileRef = 18A2AAA12826672D00A07986 /* NetworkServiceError.swift */; };
		61253E6ADB5157FDE6B94DAE /* Pods_Movie_DatabaseTests.framework in Frameworks */ = {isa = PBXBuildFile; fileRef = E06EE87290252D1F0F08DE50 /* Pods_Movie_DatabaseTests.framework */; };
		B11E39F69A721E80EA5E02BC /* Pods_Movie_Database_Movie_DatabaseUITests.framework in Frameworks */ = {isa = PBXBuildFile; fileRef = 92D072CE5BFDC1C50587BF36 /* Pods_Movie_Database_Movie_DatabaseUITests.framework */; };
		E6882D68E7DE6B25A1857846 /* Pods_Movie_Database.framework in Frameworks */ = {isa = PBXBuildFile; fileRef = 0C198B9D0E7DA92C3F34D73D /* Pods_Movie_Database.framework */; };
/* End PBXBuildFile section */

/* Begin PBXContainerItemProxy section */
		18A2AA1728264BBC00A07986 /* PBXContainerItemProxy */ = {
			isa = PBXContainerItemProxy;
			containerPortal = 18A2A9F828264BBB00A07986 /* Project object */;
			proxyType = 1;
			remoteGlobalIDString = 18A2A9FF28264BBB00A07986;
			remoteInfo = "Movie Database";
		};
		18A2AA2128264BBC00A07986 /* PBXContainerItemProxy */ = {
			isa = PBXContainerItemProxy;
			containerPortal = 18A2A9F828264BBB00A07986 /* Project object */;
			proxyType = 1;
			remoteGlobalIDString = 18A2A9FF28264BBB00A07986;
			remoteInfo = "Movie Database";
		};
/* End PBXContainerItemProxy section */

/* Begin PBXFileReference section */
		0C198B9D0E7DA92C3F34D73D /* Pods_Movie_Database.framework */ = {isa = PBXFileReference; explicitFileType = wrapper.framework; includeInIndex = 0; path = Pods_Movie_Database.framework; sourceTree = BUILT_PRODUCTS_DIR; };
		18A2AA0028264BBB00A07986 /* Movie Database.app */ = {isa = PBXFileReference; explicitFileType = wrapper.application; includeInIndex = 0; path = "Movie Database.app"; sourceTree = BUILT_PRODUCTS_DIR; };
		18A2AA0328264BBB00A07986 /* AppDelegate.swift */ = {isa = PBXFileReference; lastKnownFileType = sourcecode.swift; path = AppDelegate.swift; sourceTree = "<group>"; };
		18A2AA0C28264BBC00A07986 /* Assets.xcassets */ = {isa = PBXFileReference; lastKnownFileType = folder.assetcatalog; path = Assets.xcassets; sourceTree = "<group>"; };
		18A2AA0F28264BBC00A07986 /* Base */ = {isa = PBXFileReference; lastKnownFileType = file.storyboard; name = Base; path = Base.lproj/LaunchScreen.storyboard; sourceTree = "<group>"; };
		18A2AA1128264BBC00A07986 /* Info.plist */ = {isa = PBXFileReference; lastKnownFileType = text.plist.xml; path = Info.plist; sourceTree = "<group>"; };
		18A2AA1628264BBC00A07986 /* Movie DatabaseTests.xctest */ = {isa = PBXFileReference; explicitFileType = wrapper.cfbundle; includeInIndex = 0; path = "Movie DatabaseTests.xctest"; sourceTree = BUILT_PRODUCTS_DIR; };
		18A2AA1A28264BBC00A07986 /* Movie_DatabaseTests.swift */ = {isa = PBXFileReference; lastKnownFileType = sourcecode.swift; path = Movie_DatabaseTests.swift; sourceTree = "<group>"; };
		18A2AA2028264BBC00A07986 /* Movie DatabaseUITests.xctest */ = {isa = PBXFileReference; explicitFileType = wrapper.cfbundle; includeInIndex = 0; path = "Movie DatabaseUITests.xctest"; sourceTree = BUILT_PRODUCTS_DIR; };
		18A2AA2428264BBC00A07986 /* Movie_DatabaseUITests.swift */ = {isa = PBXFileReference; lastKnownFileType = sourcecode.swift; path = Movie_DatabaseUITests.swift; sourceTree = "<group>"; };
		18A2AA2628264BBC00A07986 /* Movie_DatabaseUITestsLaunchTests.swift */ = {isa = PBXFileReference; lastKnownFileType = sourcecode.swift; path = Movie_DatabaseUITestsLaunchTests.swift; sourceTree = "<group>"; };
		18A2AA3828264C3200A07986 /* MovieListTableViewController.swift */ = {isa = PBXFileReference; lastKnownFileType = sourcecode.swift; path = MovieListTableViewController.swift; sourceTree = "<group>"; };
		18A2AA3B28264C9700A07986 /* NetworkService.swift */ = {isa = PBXFileReference; lastKnownFileType = sourcecode.swift; path = NetworkService.swift; sourceTree = "<group>"; };
		18A2AA3E28264F0700A07986 /* MovieListViewModel.swift */ = {isa = PBXFileReference; lastKnownFileType = sourcecode.swift; path = MovieListViewModel.swift; sourceTree = "<group>"; };
		18A2AA402826508300A07986 /* Movie.swift */ = {isa = PBXFileReference; lastKnownFileType = sourcecode.swift; path = Movie.swift; sourceTree = "<group>"; };
		18A2AA43282653CA00A07986 /* MovieListTableViewCell.swift */ = {isa = PBXFileReference; lastKnownFileType = sourcecode.swift; path = MovieListTableViewCell.swift; sourceTree = "<group>"; };
		18A2AA47282654B000A07986 /* UIView + Constraints.swift */ = {isa = PBXFileReference; lastKnownFileType = sourcecode.swift; path = "UIView + Constraints.swift"; sourceTree = "<group>"; };
		18A2AA4A2826550900A07986 /* CGFloat Ext.swift */ = {isa = PBXFileReference; lastKnownFileType = sourcecode.swift; path = "CGFloat Ext.swift"; sourceTree = "<group>"; };
		18A2AA882826586D00A07986 /* SceneDelegate.swift */ = {isa = PBXFileReference; lastKnownFileType = sourcecode.swift; path = SceneDelegate.swift; sourceTree = "<group>"; };
		18A2AA8A28265B7400A07986 /* MovieListTableViewCellViewModel.swift */ = {isa = PBXFileReference; lastKnownFileType = sourcecode.swift; path = MovieListTableViewCellViewModel.swift; sourceTree = "<group>"; };
		18A2AA8C28265CE200A07986 /* UIImageView Ext.swift */ = {isa = PBXFileReference; lastKnownFileType = sourcecode.swift; path = "UIImageView Ext.swift"; sourceTree = "<group>"; };
		18A2AA9028265EF800A07986 /* MovieDetailsView.swift */ = {isa = PBXFileReference; lastKnownFileType = sourcecode.swift; path = MovieDetailsView.swift; sourceTree = "<group>"; };
		18A2AA932826604800A07986 /* MovieDetailsViewController.swift */ = {isa = PBXFileReference; lastKnownFileType = sourcecode.swift; path = MovieDetailsViewController.swift; sourceTree = "<group>"; };
		18A2AA962826626700A07986 /* MovieDetailsViewModel.swift */ = {isa = PBXFileReference; lastKnownFileType = sourcecode.swift; path = MovieDetailsViewModel.swift; sourceTree = "<group>"; };
		18A2AA9B2826660400A07986 /* MovieListNetworkModel.swift */ = {isa = PBXFileReference; lastKnownFileType = sourcecode.swift; path = MovieListNetworkModel.swift; sourceTree = "<group>"; };
		18A2AA9D282666F900A07986 /* VerticalLabelsView.swift */ = {isa = PBXFileReference; lastKnownFileType = sourcecode.swift; path = VerticalLabelsView.swift; sourceTree = "<group>"; };
		18A2AA9F2826672100A07986 /* InternalNetworkServiceError.swift */ = {isa = PBXFileReference; lastKnownFileType = sourcecode.swift; path = InternalNetworkServiceError.swift; sourceTree = "<group>"; };
		18A2AAA12826672D00A07986 /* NetworkServiceError.swift */ = {isa = PBXFileReference; lastKnownFileType = sourcecode.swift; path = NetworkServiceError.swift; sourceTree = "<group>"; };
		204CCA7C57AC32BEE30A74BB /* Pods-Movie Database.release.xcconfig */ = {isa = PBXFileReference; includeInIndex = 1; lastKnownFileType = text.xcconfig; name = "Pods-Movie Database.release.xcconfig"; path = "Target Support Files/Pods-Movie Database/Pods-Movie Database.release.xcconfig"; sourceTree = "<group>"; };
		3EF82851CB839316434DED20 /* Pods-Movie DatabaseTests.release.xcconfig */ = {isa = PBXFileReference; includeInIndex = 1; lastKnownFileType = text.xcconfig; name = "Pods-Movie DatabaseTests.release.xcconfig"; path = "Target Support Files/Pods-Movie DatabaseTests/Pods-Movie DatabaseTests.release.xcconfig"; sourceTree = "<group>"; };
		4DA178D3EE815B87073B0FCD /* Pods-Movie Database-Movie DatabaseUITests.release.xcconfig */ = {isa = PBXFileReference; includeInIndex = 1; lastKnownFileType = text.xcconfig; name = "Pods-Movie Database-Movie DatabaseUITests.release.xcconfig"; path = "Target Support Files/Pods-Movie Database-Movie DatabaseUITests/Pods-Movie Database-Movie DatabaseUITests.release.xcconfig"; sourceTree = "<group>"; };
		92D072CE5BFDC1C50587BF36 /* Pods_Movie_Database_Movie_DatabaseUITests.framework */ = {isa = PBXFileReference; explicitFileType = wrapper.framework; includeInIndex = 0; path = Pods_Movie_Database_Movie_DatabaseUITests.framework; sourceTree = BUILT_PRODUCTS_DIR; };
		C7F51A3ECDBC1DE548A4AB81 /* Pods-Movie Database-Movie DatabaseUITests.debug.xcconfig */ = {isa = PBXFileReference; includeInIndex = 1; lastKnownFileType = text.xcconfig; name = "Pods-Movie Database-Movie DatabaseUITests.debug.xcconfig"; path = "Target Support Files/Pods-Movie Database-Movie DatabaseUITests/Pods-Movie Database-Movie DatabaseUITests.debug.xcconfig"; sourceTree = "<group>"; };
		CF9A4CC1748188C57320BA40 /* Pods-Movie Database.debug.xcconfig */ = {isa = PBXFileReference; includeInIndex = 1; lastKnownFileType = text.xcconfig; name = "Pods-Movie Database.debug.xcconfig"; path = "Target Support Files/Pods-Movie Database/Pods-Movie Database.debug.xcconfig"; sourceTree = "<group>"; };
		E06EE87290252D1F0F08DE50 /* Pods_Movie_DatabaseTests.framework */ = {isa = PBXFileReference; explicitFileType = wrapper.framework; includeInIndex = 0; path = Pods_Movie_DatabaseTests.framework; sourceTree = BUILT_PRODUCTS_DIR; };
		E802F7496413BC8EC68B8A03 /* Pods-Movie DatabaseTests.debug.xcconfig */ = {isa = PBXFileReference; includeInIndex = 1; lastKnownFileType = text.xcconfig; name = "Pods-Movie DatabaseTests.debug.xcconfig"; path = "Target Support Files/Pods-Movie DatabaseTests/Pods-Movie DatabaseTests.debug.xcconfig"; sourceTree = "<group>"; };
/* End PBXFileReference section */

/* Begin PBXFrameworksBuildPhase section */
		18A2A9FD28264BBB00A07986 /* Frameworks */ = {
			isa = PBXFrameworksBuildPhase;
			buildActionMask = 2147483647;
			files = (
				E6882D68E7DE6B25A1857846 /* Pods_Movie_Database.framework in Frameworks */,
			);
			runOnlyForDeploymentPostprocessing = 0;
		};
		18A2AA1328264BBC00A07986 /* Frameworks */ = {
			isa = PBXFrameworksBuildPhase;
			buildActionMask = 2147483647;
			files = (
				61253E6ADB5157FDE6B94DAE /* Pods_Movie_DatabaseTests.framework in Frameworks */,
			);
			runOnlyForDeploymentPostprocessing = 0;
		};
		18A2AA1D28264BBC00A07986 /* Frameworks */ = {
			isa = PBXFrameworksBuildPhase;
			buildActionMask = 2147483647;
			files = (
				B11E39F69A721E80EA5E02BC /* Pods_Movie_Database_Movie_DatabaseUITests.framework in Frameworks */,
			);
			runOnlyForDeploymentPostprocessing = 0;
		};
/* End PBXFrameworksBuildPhase section */

/* Begin PBXGroup section */
		18A2A9F728264BBB00A07986 = {
			isa = PBXGroup;
			children = (
				18A2AA0228264BBB00A07986 /* Movie Database */,
				18A2AA1928264BBC00A07986 /* Movie DatabaseTests */,
				18A2AA2328264BBC00A07986 /* Movie DatabaseUITests */,
				18A2AA0128264BBB00A07986 /* Products */,
				E29DC313832A03A4C986F505 /* Pods */,
				65FB1ACFE7F4A7AA91281865 /* Frameworks */,
			);
			sourceTree = "<group>";
		};
		18A2AA0128264BBB00A07986 /* Products */ = {
			isa = PBXGroup;
			children = (
				18A2AA0028264BBB00A07986 /* Movie Database.app */,
				18A2AA1628264BBC00A07986 /* Movie DatabaseTests.xctest */,
				18A2AA2028264BBC00A07986 /* Movie DatabaseUITests.xctest */,
			);
			name = Products;
			sourceTree = "<group>";
		};
		18A2AA0228264BBB00A07986 /* Movie Database */ = {
			isa = PBXGroup;
			children = (
				18A2AA1128264BBC00A07986 /* Info.plist */,
				18A2AA8E28265E0000A07986 /* Resources */,
				18A2AA3328264BE300A07986 /* Movie List */,
				18A2AA3428264BEB00A07986 /* Movie Details */,
				18A2AA452826548800A07986 /* Utils */,
				18A2AA462826549900A07986 /* Extensions */,
			);
			path = "Movie Database";
			sourceTree = "<group>";
		};
		18A2AA1928264BBC00A07986 /* Movie DatabaseTests */ = {
			isa = PBXGroup;
			children = (
				18A2AA1A28264BBC00A07986 /* Movie_DatabaseTests.swift */,
			);
			path = "Movie DatabaseTests";
			sourceTree = "<group>";
		};
		18A2AA2328264BBC00A07986 /* Movie DatabaseUITests */ = {
			isa = PBXGroup;
			children = (
				18A2AA2428264BBC00A07986 /* Movie_DatabaseUITests.swift */,
				18A2AA2628264BBC00A07986 /* Movie_DatabaseUITestsLaunchTests.swift */,
			);
			path = "Movie DatabaseUITests";
			sourceTree = "<group>";
		};
		18A2AA3328264BE300A07986 /* Movie List */ = {
			isa = PBXGroup;
			children = (
				18A2AA3628264C0D00A07986 /* Model */,
				18A2AA42282653BB00A07986 /* View */,
				18A2AA3528264BFE00A07986 /* View Controller */,
				18A2AA3D28264EF600A07986 /* View Model */,
				18A2AA9A282665F600A07986 /* Network Model */,
			);
			path = "Movie List";
			sourceTree = "<group>";
		};
		18A2AA3428264BEB00A07986 /* Movie Details */ = {
			isa = PBXGroup;
			children = (
				18A2AA8F28265E4900A07986 /* View */,
				18A2AA922826603300A07986 /* View Controller */,
				18A2AA952826625000A07986 /* View Model */,
			);
			path = "Movie Details";
			sourceTree = "<group>";
		};
		18A2AA3528264BFE00A07986 /* View Controller */ = {
			isa = PBXGroup;
			children = (
				18A2AA3828264C3200A07986 /* MovieListTableViewController.swift */,
			);
			path = "View Controller";
			sourceTree = "<group>";
		};
		18A2AA3628264C0D00A07986 /* Model */ = {
			isa = PBXGroup;
			children = (
				18A2AA402826508300A07986 /* Movie.swift */,
			);
			path = Model;
			sourceTree = "<group>";
		};
		18A2AA3A28264C7500A07986 /* Network Service + Error */ = {
			isa = PBXGroup;
			children = (
				18A2AA3B28264C9700A07986 /* NetworkService.swift */,
				18A2AA9F2826672100A07986 /* InternalNetworkServiceError.swift */,
				18A2AAA12826672D00A07986 /* NetworkServiceError.swift */,
			);
			path = "Network Service + Error";
			sourceTree = "<group>";
		};
		18A2AA3D28264EF600A07986 /* View Model */ = {
			isa = PBXGroup;
			children = (
				18A2AA3E28264F0700A07986 /* MovieListViewModel.swift */,
				18A2AA8A28265B7400A07986 /* MovieListTableViewCellViewModel.swift */,
			);
			path = "View Model";
			sourceTree = "<group>";
		};
		18A2AA42282653BB00A07986 /* View */ = {
			isa = PBXGroup;
			children = (
				18A2AA43282653CA00A07986 /* MovieListTableViewCell.swift */,
			);
			path = View;
			sourceTree = "<group>";
		};
		18A2AA452826548800A07986 /* Utils */ = {
			isa = PBXGroup;
			children = (
				18A2AA3A28264C7500A07986 /* Network Service + Error */,
			);
			path = Utils;
			sourceTree = "<group>";
		};
		18A2AA462826549900A07986 /* Extensions */ = {
			isa = PBXGroup;
			children = (
				18A2AA47282654B000A07986 /* UIView + Constraints.swift */,
				18A2AA4A2826550900A07986 /* CGFloat Ext.swift */,
				18A2AA8C28265CE200A07986 /* UIImageView Ext.swift */,
			);
			path = Extensions;
			sourceTree = "<group>";
		};
		18A2AA8E28265E0000A07986 /* Resources */ = {
			isa = PBXGroup;
			children = (
				18A2AA0E28264BBC00A07986 /* LaunchScreen.storyboard */,
				18A2AA0C28264BBC00A07986 /* Assets.xcassets */,
				18A2AA0328264BBB00A07986 /* AppDelegate.swift */,
				18A2AA882826586D00A07986 /* SceneDelegate.swift */,
			);
			path = Resources;
			sourceTree = "<group>";
		};
		18A2AA8F28265E4900A07986 /* View */ = {
			isa = PBXGroup;
			children = (
				18A2AA9028265EF800A07986 /* MovieDetailsView.swift */,
				18A2AA9D282666F900A07986 /* VerticalLabelsView.swift */,
			);
			path = View;
			sourceTree = "<group>";
		};
		18A2AA922826603300A07986 /* View Controller */ = {
			isa = PBXGroup;
			children = (
				18A2AA932826604800A07986 /* MovieDetailsViewController.swift */,
			);
			path = "View Controller";
			sourceTree = "<group>";
		};
		18A2AA952826625000A07986 /* View Model */ = {
			isa = PBXGroup;
			children = (
				18A2AA962826626700A07986 /* MovieDetailsViewModel.swift */,
			);
			path = "View Model";
			sourceTree = "<group>";
		};
		18A2AA9A282665F600A07986 /* Network Model */ = {
			isa = PBXGroup;
			children = (
				18A2AA9B2826660400A07986 /* MovieListNetworkModel.swift */,
			);
			path = "Network Model";
			sourceTree = "<group>";
		};
		65FB1ACFE7F4A7AA91281865 /* Frameworks */ = {
			isa = PBXGroup;
			children = (
				0C198B9D0E7DA92C3F34D73D /* Pods_Movie_Database.framework */,
				92D072CE5BFDC1C50587BF36 /* Pods_Movie_Database_Movie_DatabaseUITests.framework */,
				E06EE87290252D1F0F08DE50 /* Pods_Movie_DatabaseTests.framework */,
			);
			name = Frameworks;
			sourceTree = "<group>";
		};
		E29DC313832A03A4C986F505 /* Pods */ = {
			isa = PBXGroup;
			children = (
				CF9A4CC1748188C57320BA40 /* Pods-Movie Database.debug.xcconfig */,
				204CCA7C57AC32BEE30A74BB /* Pods-Movie Database.release.xcconfig */,
				C7F51A3ECDBC1DE548A4AB81 /* Pods-Movie Database-Movie DatabaseUITests.debug.xcconfig */,
				4DA178D3EE815B87073B0FCD /* Pods-Movie Database-Movie DatabaseUITests.release.xcconfig */,
				E802F7496413BC8EC68B8A03 /* Pods-Movie DatabaseTests.debug.xcconfig */,
				3EF82851CB839316434DED20 /* Pods-Movie DatabaseTests.release.xcconfig */,
			);
			path = Pods;
			sourceTree = "<group>";
		};
/* End PBXGroup section */

/* Begin PBXNativeTarget section */
		18A2A9FF28264BBB00A07986 /* Movie Database */ = {
			isa = PBXNativeTarget;
			buildConfigurationList = 18A2AA2A28264BBC00A07986 /* Build configuration list for PBXNativeTarget "Movie Database" */;
			buildPhases = (
				408ED3EB2C221C3B99B3C6DE /* [CP] Check Pods Manifest.lock */,
				18A2A9FC28264BBB00A07986 /* Sources */,
				18A2A9FD28264BBB00A07986 /* Frameworks */,
				18A2A9FE28264BBB00A07986 /* Resources */,
				CB374BF284CC5EFDBAE35D2B /* [CP] Embed Pods Frameworks */,
			);
			buildRules = (
			);
			dependencies = (
			);
			name = "Movie Database";
			productName = "Movie Database";
			productReference = 18A2AA0028264BBB00A07986 /* Movie Database.app */;
			productType = "com.apple.product-type.application";
		};
		18A2AA1528264BBC00A07986 /* Movie DatabaseTests */ = {
			isa = PBXNativeTarget;
			buildConfigurationList = 18A2AA2D28264BBC00A07986 /* Build configuration list for PBXNativeTarget "Movie DatabaseTests" */;
			buildPhases = (
				BFCEC5DEA88E6D54F4A44AEB /* [CP] Check Pods Manifest.lock */,
				18A2AA1228264BBC00A07986 /* Sources */,
				18A2AA1328264BBC00A07986 /* Frameworks */,
				18A2AA1428264BBC00A07986 /* Resources */,
			);
			buildRules = (
			);
			dependencies = (
				18A2AA1828264BBC00A07986 /* PBXTargetDependency */,
			);
			name = "Movie DatabaseTests";
			productName = "Movie DatabaseTests";
			productReference = 18A2AA1628264BBC00A07986 /* Movie DatabaseTests.xctest */;
			productType = "com.apple.product-type.bundle.unit-test";
		};
		18A2AA1F28264BBC00A07986 /* Movie DatabaseUITests */ = {
			isa = PBXNativeTarget;
			buildConfigurationList = 18A2AA3028264BBC00A07986 /* Build configuration list for PBXNativeTarget "Movie DatabaseUITests" */;
			buildPhases = (
				488B803849E7F9639BD7CDF6 /* [CP] Check Pods Manifest.lock */,
				18A2AA1C28264BBC00A07986 /* Sources */,
				18A2AA1D28264BBC00A07986 /* Frameworks */,
				18A2AA1E28264BBC00A07986 /* Resources */,
				21E90A8DC0D8D6FAA80BCA1A /* [CP] Embed Pods Frameworks */,
			);
			buildRules = (
			);
			dependencies = (
				18A2AA2228264BBC00A07986 /* PBXTargetDependency */,
			);
			name = "Movie DatabaseUITests";
			productName = "Movie DatabaseUITests";
			productReference = 18A2AA2028264BBC00A07986 /* Movie DatabaseUITests.xctest */;
			productType = "com.apple.product-type.bundle.ui-testing";
		};
/* End PBXNativeTarget section */

/* Begin PBXProject section */
		18A2A9F828264BBB00A07986 /* Project object */ = {
			isa = PBXProject;
			attributes = {
				BuildIndependentTargetsInParallel = 1;
				LastSwiftUpdateCheck = 1320;
				LastUpgradeCheck = 1320;
				TargetAttributes = {
					18A2A9FF28264BBB00A07986 = {
						CreatedOnToolsVersion = 13.2;
					};
					18A2AA1528264BBC00A07986 = {
						CreatedOnToolsVersion = 13.2;
						TestTargetID = 18A2A9FF28264BBB00A07986;
					};
					18A2AA1F28264BBC00A07986 = {
						CreatedOnToolsVersion = 13.2;
						TestTargetID = 18A2A9FF28264BBB00A07986;
					};
				};
			};
			buildConfigurationList = 18A2A9FB28264BBB00A07986 /* Build configuration list for PBXProject "Movie Database" */;
			compatibilityVersion = "Xcode 13.0";
			developmentRegion = en;
			hasScannedForEncodings = 0;
			knownRegions = (
				en,
				Base,
			);
			mainGroup = 18A2A9F728264BBB00A07986;
			productRefGroup = 18A2AA0128264BBB00A07986 /* Products */;
			projectDirPath = "";
			projectRoot = "";
			targets = (
				18A2A9FF28264BBB00A07986 /* Movie Database */,
				18A2AA1528264BBC00A07986 /* Movie DatabaseTests */,
				18A2AA1F28264BBC00A07986 /* Movie DatabaseUITests */,
			);
		};
/* End PBXProject section */

/* Begin PBXResourcesBuildPhase section */
		18A2A9FE28264BBB00A07986 /* Resources */ = {
			isa = PBXResourcesBuildPhase;
			buildActionMask = 2147483647;
			files = (
				18A2AA1028264BBC00A07986 /* LaunchScreen.storyboard in Resources */,
				18A2AA0D28264BBC00A07986 /* Assets.xcassets in Resources */,
			);
			runOnlyForDeploymentPostprocessing = 0;
		};
		18A2AA1428264BBC00A07986 /* Resources */ = {
			isa = PBXResourcesBuildPhase;
			buildActionMask = 2147483647;
			files = (
			);
			runOnlyForDeploymentPostprocessing = 0;
		};
		18A2AA1E28264BBC00A07986 /* Resources */ = {
			isa = PBXResourcesBuildPhase;
			buildActionMask = 2147483647;
			files = (
			);
			runOnlyForDeploymentPostprocessing = 0;
		};
/* End PBXResourcesBuildPhase section */

/* Begin PBXShellScriptBuildPhase section */
		21E90A8DC0D8D6FAA80BCA1A /* [CP] Embed Pods Frameworks */ = {
			isa = PBXShellScriptBuildPhase;
			buildActionMask = 2147483647;
			files = (
			);
			inputFileListPaths = (
				"${PODS_ROOT}/Target Support Files/Pods-Movie Database-Movie DatabaseUITests/Pods-Movie Database-Movie DatabaseUITests-frameworks-${CONFIGURATION}-input-files.xcfilelist",
			);
			name = "[CP] Embed Pods Frameworks";
			outputFileListPaths = (
				"${PODS_ROOT}/Target Support Files/Pods-Movie Database-Movie DatabaseUITests/Pods-Movie Database-Movie DatabaseUITests-frameworks-${CONFIGURATION}-output-files.xcfilelist",
			);
			runOnlyForDeploymentPostprocessing = 0;
			shellPath = /bin/sh;
			shellScript = "\"${PODS_ROOT}/Target Support Files/Pods-Movie Database-Movie DatabaseUITests/Pods-Movie Database-Movie DatabaseUITests-frameworks.sh\"\n";
			showEnvVarsInLog = 0;
		};
		408ED3EB2C221C3B99B3C6DE /* [CP] Check Pods Manifest.lock */ = {
			isa = PBXShellScriptBuildPhase;
			buildActionMask = 2147483647;
			files = (
			);
			inputFileListPaths = (
			);
			inputPaths = (
				"${PODS_PODFILE_DIR_PATH}/Podfile.lock",
				"${PODS_ROOT}/Manifest.lock",
			);
			name = "[CP] Check Pods Manifest.lock";
			outputFileListPaths = (
			);
			outputPaths = (
				"$(DERIVED_FILE_DIR)/Pods-Movie Database-checkManifestLockResult.txt",
			);
			runOnlyForDeploymentPostprocessing = 0;
			shellPath = /bin/sh;
			shellScript = "diff \"${PODS_PODFILE_DIR_PATH}/Podfile.lock\" \"${PODS_ROOT}/Manifest.lock\" > /dev/null\nif [ $? != 0 ] ; then\n    # print error to STDERR\n    echo \"error: The sandbox is not in sync with the Podfile.lock. Run 'pod install' or update your CocoaPods installation.\" >&2\n    exit 1\nfi\n# This output is used by Xcode 'outputs' to avoid re-running this script phase.\necho \"SUCCESS\" > \"${SCRIPT_OUTPUT_FILE_0}\"\n";
			showEnvVarsInLog = 0;
		};
		488B803849E7F9639BD7CDF6 /* [CP] Check Pods Manifest.lock */ = {
			isa = PBXShellScriptBuildPhase;
			buildActionMask = 2147483647;
			files = (
			);
			inputFileListPaths = (
			);
			inputPaths = (
				"${PODS_PODFILE_DIR_PATH}/Podfile.lock",
				"${PODS_ROOT}/Manifest.lock",
			);
			name = "[CP] Check Pods Manifest.lock";
			outputFileListPaths = (
			);
			outputPaths = (
				"$(DERIVED_FILE_DIR)/Pods-Movie Database-Movie DatabaseUITests-checkManifestLockResult.txt",
			);
			runOnlyForDeploymentPostprocessing = 0;
			shellPath = /bin/sh;
			shellScript = "diff \"${PODS_PODFILE_DIR_PATH}/Podfile.lock\" \"${PODS_ROOT}/Manifest.lock\" > /dev/null\nif [ $? != 0 ] ; then\n    # print error to STDERR\n    echo \"error: The sandbox is not in sync with the Podfile.lock. Run 'pod install' or update your CocoaPods installation.\" >&2\n    exit 1\nfi\n# This output is used by Xcode 'outputs' to avoid re-running this script phase.\necho \"SUCCESS\" > \"${SCRIPT_OUTPUT_FILE_0}\"\n";
			showEnvVarsInLog = 0;
		};
		BFCEC5DEA88E6D54F4A44AEB /* [CP] Check Pods Manifest.lock */ = {
			isa = PBXShellScriptBuildPhase;
			buildActionMask = 2147483647;
			files = (
			);
			inputFileListPaths = (
			);
			inputPaths = (
				"${PODS_PODFILE_DIR_PATH}/Podfile.lock",
				"${PODS_ROOT}/Manifest.lock",
			);
			name = "[CP] Check Pods Manifest.lock";
			outputFileListPaths = (
			);
			outputPaths = (
				"$(DERIVED_FILE_DIR)/Pods-Movie DatabaseTests-checkManifestLockResult.txt",
			);
			runOnlyForDeploymentPostprocessing = 0;
			shellPath = /bin/sh;
			shellScript = "diff \"${PODS_PODFILE_DIR_PATH}/Podfile.lock\" \"${PODS_ROOT}/Manifest.lock\" > /dev/null\nif [ $? != 0 ] ; then\n    # print error to STDERR\n    echo \"error: The sandbox is not in sync with the Podfile.lock. Run 'pod install' or update your CocoaPods installation.\" >&2\n    exit 1\nfi\n# This output is used by Xcode 'outputs' to avoid re-running this script phase.\necho \"SUCCESS\" > \"${SCRIPT_OUTPUT_FILE_0}\"\n";
			showEnvVarsInLog = 0;
		};
		CB374BF284CC5EFDBAE35D2B /* [CP] Embed Pods Frameworks */ = {
			isa = PBXShellScriptBuildPhase;
			buildActionMask = 2147483647;
			files = (
			);
			inputFileListPaths = (
				"${PODS_ROOT}/Target Support Files/Pods-Movie Database/Pods-Movie Database-frameworks-${CONFIGURATION}-input-files.xcfilelist",
			);
			name = "[CP] Embed Pods Frameworks";
			outputFileListPaths = (
				"${PODS_ROOT}/Target Support Files/Pods-Movie Database/Pods-Movie Database-frameworks-${CONFIGURATION}-output-files.xcfilelist",
			);
			runOnlyForDeploymentPostprocessing = 0;
			shellPath = /bin/sh;
			shellScript = "\"${PODS_ROOT}/Target Support Files/Pods-Movie Database/Pods-Movie Database-frameworks.sh\"\n";
			showEnvVarsInLog = 0;
		};
/* End PBXShellScriptBuildPhase section */

/* Begin PBXSourcesBuildPhase section */
		18A2A9FC28264BBB00A07986 /* Sources */ = {
			isa = PBXSourcesBuildPhase;
			buildActionMask = 2147483647;
			files = (
				18A2AAA02826672100A07986 /* InternalNetworkServiceError.swift in Sources */,
				18A2AAA22826672D00A07986 /* NetworkServiceError.swift in Sources */,
				18A2AA972826626700A07986 /* MovieDetailsViewModel.swift in Sources */,
				18A2AA48282654B000A07986 /* UIView + Constraints.swift in Sources */,
				18A2AA8D28265CE200A07986 /* UIImageView Ext.swift in Sources */,
				18A2AA942826604800A07986 /* MovieDetailsViewController.swift in Sources */,
				18A2AA412826508300A07986 /* Movie.swift in Sources */,
				18A2AA3C28264C9700A07986 /* NetworkService.swift in Sources */,
				18A2AA3928264C3200A07986 /* MovieListTableViewController.swift in Sources */,
				18A2AA892826586D00A07986 /* SceneDelegate.swift in Sources */,
				18A2AA9128265EF800A07986 /* MovieDetailsView.swift in Sources */,
				18A2AA0428264BBB00A07986 /* AppDelegate.swift in Sources */,
				18A2AA44282653CA00A07986 /* MovieListTableViewCell.swift in Sources */,
				18A2AA9E282666F900A07986 /* VerticalLabelsView.swift in Sources */,
				18A2AA8B28265B7400A07986 /* MovieListTableViewCellViewModel.swift in Sources */,
				18A2AA9C2826660400A07986 /* MovieListNetworkModel.swift in Sources */,
				18A2AA3F28264F0700A07986 /* MovieListViewModel.swift in Sources */,
				18A2AA4B2826550900A07986 /* CGFloat Ext.swift in Sources */,
			);
			runOnlyForDeploymentPostprocessing = 0;
		};
		18A2AA1228264BBC00A07986 /* Sources */ = {
			isa = PBXSourcesBuildPhase;
			buildActionMask = 2147483647;
			files = (
				18A2AA1B28264BBC00A07986 /* Movie_DatabaseTests.swift in Sources */,
			);
			runOnlyForDeploymentPostprocessing = 0;
		};
		18A2AA1C28264BBC00A07986 /* Sources */ = {
			isa = PBXSourcesBuildPhase;
			buildActionMask = 2147483647;
			files = (
				18A2AA2728264BBC00A07986 /* Movie_DatabaseUITestsLaunchTests.swift in Sources */,
				18A2AA2528264BBC00A07986 /* Movie_DatabaseUITests.swift in Sources */,
			);
			runOnlyForDeploymentPostprocessing = 0;
		};
/* End PBXSourcesBuildPhase section */

/* Begin PBXTargetDependency section */
		18A2AA1828264BBC00A07986 /* PBXTargetDependency */ = {
			isa = PBXTargetDependency;
			target = 18A2A9FF28264BBB00A07986 /* Movie Database */;
			targetProxy = 18A2AA1728264BBC00A07986 /* PBXContainerItemProxy */;
		};
		18A2AA2228264BBC00A07986 /* PBXTargetDependency */ = {
			isa = PBXTargetDependency;
			target = 18A2A9FF28264BBB00A07986 /* Movie Database */;
			targetProxy = 18A2AA2128264BBC00A07986 /* PBXContainerItemProxy */;
		};
/* End PBXTargetDependency section */

/* Begin PBXVariantGroup section */
		18A2AA0E28264BBC00A07986 /* LaunchScreen.storyboard */ = {
			isa = PBXVariantGroup;
			children = (
				18A2AA0F28264BBC00A07986 /* Base */,
			);
			name = LaunchScreen.storyboard;
			sourceTree = "<group>";
		};
/* End PBXVariantGroup section */

/* Begin XCBuildConfiguration section */
		18A2AA2828264BBC00A07986 /* Debug */ = {
			isa = XCBuildConfiguration;
			buildSettings = {
				ALWAYS_SEARCH_USER_PATHS = NO;
				CLANG_ANALYZER_NONNULL = YES;
				CLANG_ANALYZER_NUMBER_OBJECT_CONVERSION = YES_AGGRESSIVE;
				CLANG_CXX_LANGUAGE_STANDARD = "gnu++17";
				CLANG_CXX_LIBRARY = "libc++";
				CLANG_ENABLE_MODULES = YES;
				CLANG_ENABLE_OBJC_ARC = YES;
				CLANG_ENABLE_OBJC_WEAK = YES;
				CLANG_WARN_BLOCK_CAPTURE_AUTORELEASING = YES;
				CLANG_WARN_BOOL_CONVERSION = YES;
				CLANG_WARN_COMMA = YES;
				CLANG_WARN_CONSTANT_CONVERSION = YES;
				CLANG_WARN_DEPRECATED_OBJC_IMPLEMENTATIONS = YES;
				CLANG_WARN_DIRECT_OBJC_ISA_USAGE = YES_ERROR;
				CLANG_WARN_DOCUMENTATION_COMMENTS = YES;
				CLANG_WARN_EMPTY_BODY = YES;
				CLANG_WARN_ENUM_CONVERSION = YES;
				CLANG_WARN_INFINITE_RECURSION = YES;
				CLANG_WARN_INT_CONVERSION = YES;
				CLANG_WARN_NON_LITERAL_NULL_CONVERSION = YES;
				CLANG_WARN_OBJC_IMPLICIT_RETAIN_SELF = YES;
				CLANG_WARN_OBJC_LITERAL_CONVERSION = YES;
				CLANG_WARN_OBJC_ROOT_CLASS = YES_ERROR;
				CLANG_WARN_QUOTED_INCLUDE_IN_FRAMEWORK_HEADER = YES;
				CLANG_WARN_RANGE_LOOP_ANALYSIS = YES;
				CLANG_WARN_STRICT_PROTOTYPES = YES;
				CLANG_WARN_SUSPICIOUS_MOVE = YES;
				CLANG_WARN_UNGUARDED_AVAILABILITY = YES_AGGRESSIVE;
				CLANG_WARN_UNREACHABLE_CODE = YES;
				CLANG_WARN__DUPLICATE_METHOD_MATCH = YES;
				COPY_PHASE_STRIP = NO;
				DEBUG_INFORMATION_FORMAT = dwarf;
				ENABLE_STRICT_OBJC_MSGSEND = YES;
				ENABLE_TESTABILITY = YES;
				GCC_C_LANGUAGE_STANDARD = gnu11;
				GCC_DYNAMIC_NO_PIC = NO;
				GCC_NO_COMMON_BLOCKS = YES;
				GCC_OPTIMIZATION_LEVEL = 0;
				GCC_PREPROCESSOR_DEFINITIONS = (
					"DEBUG=1",
					"$(inherited)",
				);
				GCC_WARN_64_TO_32_BIT_CONVERSION = YES;
				GCC_WARN_ABOUT_RETURN_TYPE = YES_ERROR;
				GCC_WARN_UNDECLARED_SELECTOR = YES;
				GCC_WARN_UNINITIALIZED_AUTOS = YES_AGGRESSIVE;
				GCC_WARN_UNUSED_FUNCTION = YES;
				GCC_WARN_UNUSED_VARIABLE = YES;
				IPHONEOS_DEPLOYMENT_TARGET = 15.2;
				MTL_ENABLE_DEBUG_INFO = INCLUDE_SOURCE;
				MTL_FAST_MATH = YES;
				ONLY_ACTIVE_ARCH = YES;
				SDKROOT = iphoneos;
				SWIFT_ACTIVE_COMPILATION_CONDITIONS = DEBUG;
				SWIFT_OPTIMIZATION_LEVEL = "-Onone";
			};
			name = Debug;
		};
		18A2AA2928264BBC00A07986 /* Release */ = {
			isa = XCBuildConfiguration;
			buildSettings = {
				ALWAYS_SEARCH_USER_PATHS = NO;
				CLANG_ANALYZER_NONNULL = YES;
				CLANG_ANALYZER_NUMBER_OBJECT_CONVERSION = YES_AGGRESSIVE;
				CLANG_CXX_LANGUAGE_STANDARD = "gnu++17";
				CLANG_CXX_LIBRARY = "libc++";
				CLANG_ENABLE_MODULES = YES;
				CLANG_ENABLE_OBJC_ARC = YES;
				CLANG_ENABLE_OBJC_WEAK = YES;
				CLANG_WARN_BLOCK_CAPTURE_AUTORELEASING = YES;
				CLANG_WARN_BOOL_CONVERSION = YES;
				CLANG_WARN_COMMA = YES;
				CLANG_WARN_CONSTANT_CONVERSION = YES;
				CLANG_WARN_DEPRECATED_OBJC_IMPLEMENTATIONS = YES;
				CLANG_WARN_DIRECT_OBJC_ISA_USAGE = YES_ERROR;
				CLANG_WARN_DOCUMENTATION_COMMENTS = YES;
				CLANG_WARN_EMPTY_BODY = YES;
				CLANG_WARN_ENUM_CONVERSION = YES;
				CLANG_WARN_INFINITE_RECURSION = YES;
				CLANG_WARN_INT_CONVERSION = YES;
				CLANG_WARN_NON_LITERAL_NULL_CONVERSION = YES;
				CLANG_WARN_OBJC_IMPLICIT_RETAIN_SELF = YES;
				CLANG_WARN_OBJC_LITERAL_CONVERSION = YES;
				CLANG_WARN_OBJC_ROOT_CLASS = YES_ERROR;
				CLANG_WARN_QUOTED_INCLUDE_IN_FRAMEWORK_HEADER = YES;
				CLANG_WARN_RANGE_LOOP_ANALYSIS = YES;
				CLANG_WARN_STRICT_PROTOTYPES = YES;
				CLANG_WARN_SUSPICIOUS_MOVE = YES;
				CLANG_WARN_UNGUARDED_AVAILABILITY = YES_AGGRESSIVE;
				CLANG_WARN_UNREACHABLE_CODE = YES;
				CLANG_WARN__DUPLICATE_METHOD_MATCH = YES;
				COPY_PHASE_STRIP = NO;
				DEBUG_INFORMATION_FORMAT = "dwarf-with-dsym";
				ENABLE_NS_ASSERTIONS = NO;
				ENABLE_STRICT_OBJC_MSGSEND = YES;
				GCC_C_LANGUAGE_STANDARD = gnu11;
				GCC_NO_COMMON_BLOCKS = YES;
				GCC_WARN_64_TO_32_BIT_CONVERSION = YES;
				GCC_WARN_ABOUT_RETURN_TYPE = YES_ERROR;
				GCC_WARN_UNDECLARED_SELECTOR = YES;
				GCC_WARN_UNINITIALIZED_AUTOS = YES_AGGRESSIVE;
				GCC_WARN_UNUSED_FUNCTION = YES;
				GCC_WARN_UNUSED_VARIABLE = YES;
				IPHONEOS_DEPLOYMENT_TARGET = 15.2;
				MTL_ENABLE_DEBUG_INFO = NO;
				MTL_FAST_MATH = YES;
				SDKROOT = iphoneos;
				SWIFT_COMPILATION_MODE = wholemodule;
				SWIFT_OPTIMIZATION_LEVEL = "-O";
				VALIDATE_PRODUCT = YES;
			};
			name = Release;
		};
		18A2AA2B28264BBC00A07986 /* Debug */ = {
			isa = XCBuildConfiguration;
			baseConfigurationReference = CF9A4CC1748188C57320BA40 /* Pods-Movie Database.debug.xcconfig */;
			buildSettings = {
				ASSETCATALOG_COMPILER_APPICON_NAME = AppIcon;
				ASSETCATALOG_COMPILER_GLOBAL_ACCENT_COLOR_NAME = AccentColor;
				CODE_SIGN_STYLE = Automatic;
				CURRENT_PROJECT_VERSION = 1;
				DEVELOPMENT_TEAM = JGY7N3TJQQ;
				GENERATE_INFOPLIST_FILE = YES;
				INFOPLIST_FILE = "Movie Database/Info.plist";
				INFOPLIST_KEY_UIApplicationSupportsIndirectInputEvents = YES;
				INFOPLIST_KEY_UILaunchStoryboardName = LaunchScreen;
				INFOPLIST_KEY_UISupportedInterfaceOrientations_iPad = "UIInterfaceOrientationPortrait UIInterfaceOrientationPortraitUpsideDown UIInterfaceOrientationLandscapeLeft UIInterfaceOrientationLandscapeRight";
				INFOPLIST_KEY_UISupportedInterfaceOrientations_iPhone = "UIInterfaceOrientationPortrait UIInterfaceOrientationLandscapeLeft UIInterfaceOrientationLandscapeRight";
				LD_RUNPATH_SEARCH_PATHS = (
					"$(inherited)",
					"@executable_path/Frameworks",
				);
				MARKETING_VERSION = 1.0;
				PRODUCT_BUNDLE_IDENTIFIER = "com.nikita.Movie-Database";
				PRODUCT_NAME = "$(TARGET_NAME)";
				SWIFT_EMIT_LOC_STRINGS = YES;
				SWIFT_VERSION = 5.0;
				TARGETED_DEVICE_FAMILY = "1,2";
			};
			name = Debug;
		};
		18A2AA2C28264BBC00A07986 /* Release */ = {
			isa = XCBuildConfiguration;
			baseConfigurationReference = 204CCA7C57AC32BEE30A74BB /* Pods-Movie Database.release.xcconfig */;
			buildSettings = {
				ASSETCATALOG_COMPILER_APPICON_NAME = AppIcon;
				ASSETCATALOG_COMPILER_GLOBAL_ACCENT_COLOR_NAME = AccentColor;
				CODE_SIGN_STYLE = Automatic;
				CURRENT_PROJECT_VERSION = 1;
				DEVELOPMENT_TEAM = JGY7N3TJQQ;
				GENERATE_INFOPLIST_FILE = YES;
				INFOPLIST_FILE = "Movie Database/Info.plist";
				INFOPLIST_KEY_UIApplicationSupportsIndirectInputEvents = YES;
				INFOPLIST_KEY_UILaunchStoryboardName = LaunchScreen;
				INFOPLIST_KEY_UISupportedInterfaceOrientations_iPad = "UIInterfaceOrientationPortrait UIInterfaceOrientationPortraitUpsideDown UIInterfaceOrientationLandscapeLeft UIInterfaceOrientationLandscapeRight";
				INFOPLIST_KEY_UISupportedInterfaceOrientations_iPhone = "UIInterfaceOrientationPortrait UIInterfaceOrientationLandscapeLeft UIInterfaceOrientationLandscapeRight";
				LD_RUNPATH_SEARCH_PATHS = (
					"$(inherited)",
					"@executable_path/Frameworks",
				);
				MARKETING_VERSION = 1.0;
				PRODUCT_BUNDLE_IDENTIFIER = "com.nikita.Movie-Database";
				PRODUCT_NAME = "$(TARGET_NAME)";
				SWIFT_EMIT_LOC_STRINGS = YES;
				SWIFT_VERSION = 5.0;
				TARGETED_DEVICE_FAMILY = "1,2";
			};
			name = Release;
		};
		18A2AA2E28264BBC00A07986 /* Debug */ = {
			isa = XCBuildConfiguration;
			baseConfigurationReference = E802F7496413BC8EC68B8A03 /* Pods-Movie DatabaseTests.debug.xcconfig */;
			buildSettings = {
				ALWAYS_EMBED_SWIFT_STANDARD_LIBRARIES = YES;
				BUNDLE_LOADER = "$(TEST_HOST)";
				CODE_SIGN_STYLE = Automatic;
				CURRENT_PROJECT_VERSION = 1;
				DEVELOPMENT_TEAM = JGY7N3TJQQ;
				GENERATE_INFOPLIST_FILE = YES;
				IPHONEOS_DEPLOYMENT_TARGET = 15.2;
				MARKETING_VERSION = 1.0;
				PRODUCT_BUNDLE_IDENTIFIER = "com.nikita.Movie-DatabaseTests";
				PRODUCT_NAME = "$(TARGET_NAME)";
				SWIFT_EMIT_LOC_STRINGS = NO;
				SWIFT_VERSION = 5.0;
				TARGETED_DEVICE_FAMILY = "1,2";
				TEST_HOST = "$(BUILT_PRODUCTS_DIR)/Movie Database.app/Movie Database";
			};
			name = Debug;
		};
		18A2AA2F28264BBC00A07986 /* Release */ = {
			isa = XCBuildConfiguration;
			baseConfigurationReference = 3EF82851CB839316434DED20 /* Pods-Movie DatabaseTests.release.xcconfig */;
			buildSettings = {
				ALWAYS_EMBED_SWIFT_STANDARD_LIBRARIES = YES;
				BUNDLE_LOADER = "$(TEST_HOST)";
				CODE_SIGN_STYLE = Automatic;
				CURRENT_PROJECT_VERSION = 1;
				DEVELOPMENT_TEAM = JGY7N3TJQQ;
				GENERATE_INFOPLIST_FILE = YES;
				IPHONEOS_DEPLOYMENT_TARGET = 15.2;
				MARKETING_VERSION = 1.0;
				PRODUCT_BUNDLE_IDENTIFIER = "com.nikita.Movie-DatabaseTests";
				PRODUCT_NAME = "$(TARGET_NAME)";
				SWIFT_EMIT_LOC_STRINGS = NO;
				SWIFT_VERSION = 5.0;
				TARGETED_DEVICE_FAMILY = "1,2";
				TEST_HOST = "$(BUILT_PRODUCTS_DIR)/Movie Database.app/Movie Database";
			};
			name = Release;
		};
		18A2AA3128264BBC00A07986 /* Debug */ = {
			isa = XCBuildConfiguration;
			baseConfigurationReference = C7F51A3ECDBC1DE548A4AB81 /* Pods-Movie Database-Movie DatabaseUITests.debug.xcconfig */;
			buildSettings = {
				ALWAYS_EMBED_SWIFT_STANDARD_LIBRARIES = YES;
				CODE_SIGN_STYLE = Automatic;
				CURRENT_PROJECT_VERSION = 1;
				DEVELOPMENT_TEAM = JGY7N3TJQQ;
				GENERATE_INFOPLIST_FILE = YES;
				MARKETING_VERSION = 1.0;
				PRODUCT_BUNDLE_IDENTIFIER = "com.nikita.Movie-DatabaseUITests";
				PRODUCT_NAME = "$(TARGET_NAME)";
				SWIFT_EMIT_LOC_STRINGS = NO;
				SWIFT_VERSION = 5.0;
				TARGETED_DEVICE_FAMILY = "1,2";
				TEST_TARGET_NAME = "Movie Database";
			};
			name = Debug;
		};
		18A2AA3228264BBC00A07986 /* Release */ = {
			isa = XCBuildConfiguration;
			baseConfigurationReference = 4DA178D3EE815B87073B0FCD /* Pods-Movie Database-Movie DatabaseUITests.release.xcconfig */;
			buildSettings = {
				ALWAYS_EMBED_SWIFT_STANDARD_LIBRARIES = YES;
				CODE_SIGN_STYLE = Automatic;
				CURRENT_PROJECT_VERSION = 1;
				DEVELOPMENT_TEAM = JGY7N3TJQQ;
				GENERATE_INFOPLIST_FILE = YES;
				MARKETING_VERSION = 1.0;
				PRODUCT_BUNDLE_IDENTIFIER = "com.nikita.Movie-DatabaseUITests";
				PRODUCT_NAME = "$(TARGET_NAME)";
				SWIFT_EMIT_LOC_STRINGS = NO;
				SWIFT_VERSION = 5.0;
				TARGETED_DEVICE_FAMILY = "1,2";
				TEST_TARGET_NAME = "Movie Database";
			};
			name = Release;
		};
/* End XCBuildConfiguration section */

/* Begin XCConfigurationList section */
		18A2A9FB28264BBB00A07986 /* Build configuration list for PBXProject "Movie Database" */ = {
			isa = XCConfigurationList;
			buildConfigurations = (
				18A2AA2828264BBC00A07986 /* Debug */,
				18A2AA2928264BBC00A07986 /* Release */,
			);
			defaultConfigurationIsVisible = 0;
			defaultConfigurationName = Release;
		};
		18A2AA2A28264BBC00A07986 /* Build configuration list for PBXNativeTarget "Movie Database" */ = {
			isa = XCConfigurationList;
			buildConfigurations = (
				18A2AA2B28264BBC00A07986 /* Debug */,
				18A2AA2C28264BBC00A07986 /* Release */,
			);
			defaultConfigurationIsVisible = 0;
			defaultConfigurationName = Release;
		};
		18A2AA2D28264BBC00A07986 /* Build configuration list for PBXNativeTarget "Movie DatabaseTests" */ = {
			isa = XCConfigurationList;
			buildConfigurations = (
				18A2AA2E28264BBC00A07986 /* Debug */,
				18A2AA2F28264BBC00A07986 /* Release */,
			);
			defaultConfigurationIsVisible = 0;
			defaultConfigurationName = Release;
		};
		18A2AA3028264BBC00A07986 /* Build configuration list for PBXNativeTarget "Movie DatabaseUITests" */ = {
			isa = XCConfigurationList;
			buildConfigurations = (
				18A2AA3128264BBC00A07986 /* Debug */,
				18A2AA3228264BBC00A07986 /* Release */,
			);
			defaultConfigurationIsVisible = 0;
			defaultConfigurationName = Release;
		};
/* End XCConfigurationList section */
	};
	rootObject = 18A2A9F828264BBB00A07986 /* Project object */;
}
